
Microsoft Visual Studio Solution File, Format Version 12.00
# Visual Studio Version 17
VisualStudioVersion = 17.6.33829.357
MinimumVisualStudioVersion = 10.0.40219.1
Project("{FAE04EC0-301F-11D3-BF4B-00C04F79EFBC}") = "SuperHeroAPI", "SuperHeroAPI.csproj", "{7E0A398D-A560-4D53-811E-B786DB876E9C}"
EndProject
Global
	GlobalSection(SolutionConfigurationPlatforms) = preSolution
		Debug|Any CPU = Debug|Any CPU
		Release|Any CPU = Release|Any CPU
	EndGlobalSection
	GlobalSection(ProjectConfigurationPlatforms) = postSolution
		{7E0A398D-A560-4D53-811E-B786DB876E9C}.Debug|Any CPU.ActiveCfg = Debug|Any CPU
		{7E0A398D-A560-4D53-811E-B786DB876E9C}.Debug|Any CPU.Build.0 = Debug|Any CPU
		{7E0A398D-A560-4D53-811E-B786DB876E9C}.Release|Any CPU.ActiveCfg = Release|Any CPU
		{7E0A398D-A560-4D53-811E-B786DB876E9C}.Release|Any CPU.Build.0 = Release|Any CPU
	EndGlobalSection
	GlobalSection(SolutionProperties) = preSolution
		HideSolutionNode = FALSE
	EndGlobalSection
	GlobalSection(ExtensibilityGlobals) = postSolution
		SolutionGuid = {94EA027A-8BA5-4250-B9EA-80AA7C0ED26D}
	EndGlobalSection
EndGlobal
